
Microsoft Visual Studio Solution File, Format Version 12.00
# Visual Studio Version 17
VisualStudioVersion = 17.0.31903.59
MinimumVisualStudioVersion = 10.0.40219.1
Project("{2150E333-8FDC-42A3-9474-1A3956D46DE8}") = "src", "src", "{0EEACFF2-9C8E-472A-AE89-F7FA54086704}"
EndProject
Project("{FAE04EC0-301F-11D3-BF4B-00C04F79EFBC}") = "AStar.Api.HealthChecks", "src\AStar.Api.HealthChecks\AStar.Api.HealthChecks.csproj", "{4CDA15BF-0614-46C9-91A9-E3FC35DB7107}"
EndProject
Global
	GlobalSection(SolutionConfigurationPlatforms) = preSolution
		Debug|Any CPU = Debug|Any CPU
		Release|Any CPU = Release|Any CPU
	EndGlobalSection
	GlobalSection(SolutionProperties) = preSolution
		HideSolutionNode = FALSE
	EndGlobalSection
	GlobalSection(ProjectConfigurationPlatforms) = postSolution
		{4CDA15BF-0614-46C9-91A9-E3FC35DB7107}.Debug|Any CPU.ActiveCfg = Debug|Any CPU
		{4CDA15BF-0614-46C9-91A9-E3FC35DB7107}.Debug|Any CPU.Build.0 = Debug|Any CPU
		{4CDA15BF-0614-46C9-91A9-E3FC35DB7107}.Release|Any CPU.ActiveCfg = Release|Any CPU
		{4CDA15BF-0614-46C9-91A9-E3FC35DB7107}.Release|Any CPU.Build.0 = Release|Any CPU
	EndGlobalSection
	GlobalSection(NestedProjects) = preSolution
		{4CDA15BF-0614-46C9-91A9-E3FC35DB7107} = {0EEACFF2-9C8E-472A-AE89-F7FA54086704}
	EndGlobalSection
EndGlobal
